{
  "version": 4,
  "terraform_version": "1.12.2",
  "serial": 883,
  "lineage": "313908a6-b5f9-a191-e8a2-0aeb46382d7e",
  "outputs": {
    "duckdns_url": {
      "value": "http://kapibarartest.duckdns.org",
      "type": "string"
    },
    "lb_ip": {
      "value": "185.130.114.221",
      "type": "string"
    },
    "vm_ip": {
      "value": "185.130.112.222",
      "type": "string"
    }
  },
  "resources": [
    {
      "mode": "data",
      "type": "vkcs_images_image",
      "name": "ubuntu",
      "provider": "provider[\"registry.terraform.io/vk-cs/vkcs\"]",
      "instances": [
        {
          "schema_version": 0,
          "attributes": {
            "checksum": "ac3092236c7fdcb9d6180c1dd06f4107",
            "container_format": "bare",
            "created_at": "2025-08-17T11:29:22Z",
            "default": true,
            "disk_format": "qcow2",
            "file": "/v2/images/d1652f77-57e3-4d0c-b305-0617e2496f42/file",
            "id": "d1652f77-57e3-4d0c-b305-0617e2496f42",
            "member_status": null,
            "metadata": {},
            "min_disk_gb": 10,
            "min_ram_mb": 0,
            "most_recent": false,
            "name": "ubuntu-24-202508151311.gitfaa03fa8",
            "owner": "432fd5d3387444b3b84a58d0a6df9eb9",
            "properties": {
              "direct_url": "rbd://b0e441fc-c317-4acf-a606-cf74683978d2/images/d1652f77-57e3-4d0c-b305-0617e2496f42/snap",
              "hw_qemu_guest_agent": "yes",
              "mcs_name": "Ubuntu 24.04",
              "mcs_os_distro": "ubuntu",
              "mcs_os_type": "linux",
              "mcs_os_version": "24.04",
              "os_admin_user": "ubuntu",
              "os_distro": "ubuntu24.04",
              "os_require_quiesce": "yes",
              "os_type": "linux",
              "os_version": "24.04",
              "owner_specified.openstack.md5": "ac3092236c7fdcb9d6180c1dd06f4107",
              "owner_specified.openstack.object": "images/ubuntu-24-202508151311.gitfaa03fa8",
              "owner_specified.openstack.sha256": "",
              "stores": "rbd"
            },
            "protected": false,
            "region": "RegionOne",
            "schema": "/v2/schemas/image",
            "size_bytes": 693698560,
            "size_max": null,
            "size_min": null,
            "tag": null,
            "tags": [],
            "updated_at": "2025-08-17T11:29:37Z",
            "visibility": "public"
          },
          "sensitive_attributes": [],
          "identity_schema_version": 0
        }
      ]
    },
    {
      "mode": "data",
      "type": "vkcs_networking_network",
      "name": "ext_net",
      "provider": "provider[\"registry.terraform.io/vk-cs/vkcs\"]",
      "instances": [
        {
          "schema_version": 0,
          "attributes": {
            "admin_state_up": "true",
            "all_tags": [
              "red"
            ],
            "description": "",
            "external": true,
            "id": "ec8c610e-6387-447e-83d2-d2c541e88164",
            "matching_subnet_cidr": null,
            "name": "internet",
            "network_id": "ec8c610e-6387-447e-83d2-d2c541e88164",
            "private_dns_domain": "",
            "region": "RegionOne",
            "sdn": "sprut",
            "shared": "true",
            "status": null,
            "subnets": [
              "09dad209-7765-4845-9fd1-d49f8ff0f66e",
              "0a0ac2d6-871b-4fbc-b408-298ccbed3f51",
              "0bf794b5-470c-4a01-be49-bbc2f849a88f",
              "1a8fc312-df60-438f-8946-635a138ef0cb",
              "1c623b92-146c-46a6-9ffd-fa69eb2239b7",
              "28085d45-65a7-4a37-b15f-55dffa9dcb7b",
              "2b017844-a61c-4087-8e74-cc6972f52a77",
              "2ea7332d-4ad2-4341-8bc5-76937d4894f4",
              "4516f4ad-3b84-402b-923a-88864bfa20b8",
              "4634d136-1553-45e0-9e00-49393022c5ac",
              "4675a124-2b97-4e75-8f23-82dc7d53c820",
              "4a6a7814-8ea3-402c-b0c7-333c332af113",
              "4bb55beb-0650-4d60-a3a0-8a38210440d7",
              "533a9238-075e-43b6-a3d0-dc1a4c1fe00d",
              "6a0246a8-a117-4725-a38c-7f93952e0994",
              "6ef2517a-2d28-43bd-9df2-ee70cafdc141",
              "72427904-ed22-4a74-b718-a33567991d44",
              "7b0efc8a-c181-4e02-9fb1-31fa4eecc693",
              "8210deff-3c76-4d53-b9b8-c83e0f8774c9",
              "8b39b012-cc62-4c74-ba00-41aa86733bcd",
              "94319a0a-80be-4a90-8312-58dc5c6ad373",
              "9434a136-e928-4fd4-816a-24016025fa10",
              "96ca0921-defc-4571-b5e1-38a9732a7093",
              "abdc8333-6aee-48e1-9936-ac44d36bfb1b",
              "b017f958-47c3-47f5-9b87-8f11b847d4c6",
              "b12dd40c-f688-4d97-9a2a-09858cbf2be8",
              "b1909020-40b7-42d7-b9fa-1824f08943cd",
              "b1afddc6-aee5-42ef-9381-029d2d4d9025",
              "b3899b8b-8fae-401b-8e8d-fc99dd404e9b",
              "b8a8d5d3-977b-46f4-82b2-dbff91c4fe6e",
              "bc0d91ec-1c4b-427b-97c8-7d645ccc506b",
              "c3a71dad-ebf8-467c-8375-9c6294a54859",
              "ce5f81a2-09c4-41cd-9372-1f75c39e5a49",
              "d1305dae-0d6e-4c9a-860c-b6a86f861530",
              "d16bbc0a-1d27-4315-bb59-bd8939e4bf02",
              "d3d27388-583c-4d6c-9f9e-b682b3b2a59e",
              "db5aaef4-7edf-4f93-9fab-e09c3ac2ffba",
              "e0a3358b-b37e-4e1e-b811-1d75c68f6390",
              "e45db33a-81e0-413f-a910-ac8e796ef3c6",
              "fd9e947b-d940-4af7-9579-33cbd08e5e37"
            ],
            "tags": null,
            "tenant_id": "9d013ed7c41e4bf38dd91f899e40185a",
            "vkcs_services_access": false
          },
          "sensitive_attributes": [],
          "identity_schema_version": 0
        }
      ]
    },
    {
      "mode": "managed",
      "type": "null_resource",
      "name": "update_duckdns",
      "provider": "provider[\"registry.terraform.io/hashicorp/null\"]",
      "instances": [
        {
          "schema_version": 0,
          "attributes": {
            "id": "8027770554197762007",
            "triggers": {
              "lb_ip": "185.130.114.221"
            }
          },
          "sensitive_attributes": [],
          "identity_schema_version": 0,
          "dependencies": [
            "data.vkcs_networking_network.ext_net",
            "vkcs_lb_loadbalancer.lb",
            "vkcs_networking_floatingip.lb_fip",
            "vkcs_networking_floatingip_associate.lb_fip_assoc",
            "vkcs_networking_network.app_net",
            "vkcs_networking_subnet.app_subnet"
          ]
        }
      ]
    },
    {
      "mode": "managed",
      "type": "vkcs_compute_instance",
      "name": "app_vm",
      "provider": "provider[\"registry.terraform.io/vk-cs/vkcs\"]",
      "instances": [
        {
          "schema_version": 0,
          "attributes": {
            "access_ip_v4": "192.168.10.146",
            "admin_pass": null,
            "all_metadata": {},
            "all_tags": [],
            "availability_zone": "GZ1",
            "block_device": [
              {
                "boot_index": 0,
                "delete_on_termination": true,
                "destination_type": "volume",
                "device_type": "",
                "disk_bus": "",
                "guest_format": "",
                "source_type": "image",
                "uuid": "d1652f77-57e3-4d0c-b305-0617e2496f42",
                "volume_size": 10,
                "volume_type": ""
              }
            ],
            "cloud_monitoring": [],
            "config_drive": null,
            "flavor_id": "9cdbca68-5e15-4c54-979d-9952785ba33e",
            "flavor_name": "STD2-1-1",
            "force_delete": false,
            "id": "5722e178-ba45-43b7-b267-56ba56ac1a88",
            "image_id": "Attempt to boot from volume - no image supplied",
            "image_name": null,
            "key_pair": "rsa_nopass",
            "metadata": null,
            "name": "app-server",
            "network": [
              {
                "access_network": false,
                "fixed_ip_v4": "192.168.10.146",
                "mac": "fa:16:3e:31:0b:58",
                "name": "app-net",
                "port": "c977065c-346b-4e54-85fe-b046be26f1d3",
                "uuid": "a0d5bc03-e8c8-4194-9fbe-0dc2f027673e"
              }
            ],
            "network_mode": null,
            "password_data": null,
            "personality": [],
            "power_state": "active",
            "region": "RegionOne",
            "scheduler_hints": [],
            "security_group_ids": [
              "00ea3f9d-3cb4-4ce1-92cc-33311ce701e1"
            ],
            "security_groups": [
              "app-sg"
            ],
            "stop_before_destroy": false,
            "tags": null,
            "timeouts": null,
            "user_data": null,
            "vendor_options": []
          },
          "sensitive_attributes": [
            [
              {
                "type": "get_attr",
                "value": "admin_pass"
              }
            ]
          ],
          "identity_schema_version": 0,
          "private": "eyJlMmJmYjczMC1lY2FhLTExZTYtOGY4OC0zNDM2M2JjN2M0YzAiOnsiY3JlYXRlIjoxODAwMDAwMDAwMDAwLCJkZWxldGUiOjE4MDAwMDAwMDAwMDAsInVwZGF0ZSI6MTgwMDAwMDAwMDAwMH19",
          "dependencies": [
            "data.vkcs_images_image.ubuntu",
            "data.vkcs_networking_network.ext_net",
            "vkcs_networking_network.app_net",
            "vkcs_networking_port.app_port",
            "vkcs_networking_router.app_router",
            "vkcs_networking_router_interface.router_interface",
            "vkcs_networking_secgroup.app_sg",
            "vkcs_networking_subnet.app_subnet"
          ]
        }
      ]
    },
    {
      "mode": "managed",
      "type": "vkcs_lb_listener",
      "name": "listener",
      "provider": "provider[\"registry.terraform.io/vk-cs/vkcs\"]",
      "instances": [
        {
          "schema_version": 0,
          "attributes": {
            "admin_state_up": true,
            "allowed_cidrs": [],
            "connection_limit": -1,
            "default_pool_id": "",
            "default_tls_container_ref": "",
            "description": "",
            "id": "af494ed9-c82c-4c63-8867-ca605794ae5f",
            "insert_headers": null,
            "loadbalancer_id": "2324d658-f8d3-426f-94a2-4b6fd5ade4d5",
            "name": "app-listener",
            "protocol": "HTTP",
            "protocol_port": 80,
            "region": "RegionOne",
            "sni_container_refs": null,
            "timeout_client_data": 50000,
            "timeout_member_connect": 5000,
            "timeout_member_data": 50000,
            "timeout_tcp_inspect": 0,
            "timeouts": null
          },
          "sensitive_attributes": [],
          "identity_schema_version": 0,
          "private": "eyJlMmJmYjczMC1lY2FhLTExZTYtOGY4OC0zNDM2M2JjN2M0YzAiOnsiY3JlYXRlIjo2MDAwMDAwMDAwMDAsImRlbGV0ZSI6NjAwMDAwMDAwMDAwLCJ1cGRhdGUiOjYwMDAwMDAwMDAwMH19",
          "dependencies": [
            "vkcs_lb_loadbalancer.lb",
            "vkcs_networking_network.app_net",
            "vkcs_networking_subnet.app_subnet"
          ]
        }
      ]
    },
    {
      "mode": "managed",
      "type": "vkcs_lb_loadbalancer",
      "name": "lb",
      "provider": "provider[\"registry.terraform.io/vk-cs/vkcs\"]",
      "instances": [
        {
          "schema_version": 0,
          "attributes": {
            "admin_state_up": true,
            "availability_zone": "",
            "description": "",
            "id": "2324d658-f8d3-426f-94a2-4b6fd5ade4d5",
            "name": "app-lb",
            "region": "RegionOne",
            "security_group_ids": [],
            "tags": null,
            "timeouts": null,
            "vip_address": "192.168.10.149",
            "vip_network_id": "a0d5bc03-e8c8-4194-9fbe-0dc2f027673e",
            "vip_port_id": "fa9a3d48-f9ba-4bf8-85fc-ab2de4b8cbaa",
            "vip_subnet_id": "5fd79f44-498c-45db-86f8-b64520019ded"
          },
          "sensitive_attributes": [],
          "identity_schema_version": 0,
          "private": "eyJlMmJmYjczMC1lY2FhLTExZTYtOGY4OC0zNDM2M2JjN2M0YzAiOnsiY3JlYXRlIjo2MDAwMDAwMDAwMDAsImRlbGV0ZSI6MzAwMDAwMDAwMDAwLCJ1cGRhdGUiOjYwMDAwMDAwMDAwMH19",
          "dependencies": [
            "vkcs_networking_network.app_net",
            "vkcs_networking_subnet.app_subnet"
          ]
        }
      ]
    },
    {
      "mode": "managed",
      "type": "vkcs_lb_member",
      "name": "member",
      "provider": "provider[\"registry.terraform.io/vk-cs/vkcs\"]",
      "instances": [
        {
          "schema_version": 0,
          "attributes": {
            "address": "192.168.10.146",
            "admin_state_up": true,
            "id": "d1355cea-4660-4c36-98fc-0a769fc22c5e",
            "name": "",
            "pool_id": "7dcdfba3-60be-48a3-b940-2ec80501227c",
            "protocol_port": 80,
            "region": "RegionOne",
            "subnet_id": "5fd79f44-498c-45db-86f8-b64520019ded",
            "timeouts": null,
            "weight": 100
          },
          "sensitive_attributes": [],
          "identity_schema_version": 0,
          "private": "eyJlMmJmYjczMC1lY2FhLTExZTYtOGY4OC0zNDM2M2JjN2M0YzAiOnsiY3JlYXRlIjo2MDAwMDAwMDAwMDAsImRlbGV0ZSI6NjAwMDAwMDAwMDAwLCJ1cGRhdGUiOjYwMDAwMDAwMDAwMH19",
          "dependencies": [
            "data.vkcs_images_image.ubuntu",
            "data.vkcs_networking_network.ext_net",
            "vkcs_compute_instance.app_vm",
            "vkcs_lb_listener.listener",
            "vkcs_lb_loadbalancer.lb",
            "vkcs_lb_pool.pool",
            "vkcs_networking_network.app_net",
            "vkcs_networking_port.app_port",
            "vkcs_networking_router.app_router",
            "vkcs_networking_router_interface.router_interface",
            "vkcs_networking_secgroup.app_sg",
            "vkcs_networking_subnet.app_subnet"
          ]
        }
      ]
    },
    {
      "mode": "managed",
      "type": "vkcs_lb_monitor",
      "name": "monitor",
      "provider": "provider[\"registry.terraform.io/vk-cs/vkcs\"]",
      "instances": [
        {
          "schema_version": 0,
          "attributes": {
            "admin_state_up": true,
            "delay": 20,
            "expected_codes": "200",
            "http_method": "GET",
            "id": "07df8b6a-341c-496f-8df5-8fb0e75ed848",
            "max_retries": 3,
            "max_retries_down": 3,
            "name": "app-monitor",
            "pool_id": "7dcdfba3-60be-48a3-b940-2ec80501227c",
            "region": "RegionOne",
            "timeout": 10,
            "timeouts": null,
            "type": "HTTP",
            "url_path": "/"
          },
          "sensitive_attributes": [],
          "identity_schema_version": 0,
          "private": "eyJlMmJmYjczMC1lY2FhLTExZTYtOGY4OC0zNDM2M2JjN2M0YzAiOnsiY3JlYXRlIjo2MDAwMDAwMDAwMDAsImRlbGV0ZSI6NjAwMDAwMDAwMDAwLCJ1cGRhdGUiOjYwMDAwMDAwMDAwMH19",
          "dependencies": [
            "vkcs_lb_listener.listener",
            "vkcs_lb_loadbalancer.lb",
            "vkcs_lb_pool.pool",
            "vkcs_networking_network.app_net",
            "vkcs_networking_subnet.app_subnet"
          ]
        }
      ]
    },
    {
      "mode": "managed",
      "type": "vkcs_lb_pool",
      "name": "pool",
      "provider": "provider[\"registry.terraform.io/vk-cs/vkcs\"]",
      "instances": [
        {
          "schema_version": 0,
          "attributes": {
            "admin_state_up": true,
            "description": "",
            "id": "7dcdfba3-60be-48a3-b940-2ec80501227c",
            "lb_method": "ROUND_ROBIN",
            "listener_id": "af494ed9-c82c-4c63-8867-ca605794ae5f",
            "loadbalancer_id": null,
            "name": "app-pool",
            "persistence": [
              {
                "cookie_name": "",
                "type": ""
              }
            ],
            "protocol": "HTTP",
            "region": "RegionOne",
            "timeouts": null
          },
          "sensitive_attributes": [],
          "identity_schema_version": 0,
          "private": "eyJlMmJmYjczMC1lY2FhLTExZTYtOGY4OC0zNDM2M2JjN2M0YzAiOnsiY3JlYXRlIjo2MDAwMDAwMDAwMDAsImRlbGV0ZSI6NjAwMDAwMDAwMDAwLCJ1cGRhdGUiOjYwMDAwMDAwMDAwMH19",
          "dependencies": [
            "vkcs_lb_listener.listener",
            "vkcs_lb_loadbalancer.lb",
            "vkcs_networking_network.app_net",
            "vkcs_networking_subnet.app_subnet"
          ]
        }
      ]
    },
    {
      "mode": "managed",
      "type": "vkcs_networking_floatingip",
      "name": "app_fip",
      "provider": "provider[\"registry.terraform.io/vk-cs/vkcs\"]",
      "instances": [
        {
          "schema_version": 0,
          "attributes": {
            "address": "185.130.112.222",
            "description": "",
            "fixed_ip": "",
            "id": "92b4ad4d-63b0-4f03-aa0b-9f4ae64bd83b",
            "pool": "internet",
            "port_id": "",
            "region": "RegionOne",
            "sdn": "sprut",
            "subnet_id": null,
            "subnet_ids": null,
            "timeouts": null,
            "value_specs": null
          },
          "sensitive_attributes": [],
          "identity_schema_version": 0,
          "private": "eyJlMmJmYjczMC1lY2FhLTExZTYtOGY4OC0zNDM2M2JjN2M0YzAiOnsiY3JlYXRlIjo2MDAwMDAwMDAwMDAsImRlbGV0ZSI6NjAwMDAwMDAwMDAwfX0=",
          "dependencies": [
            "data.vkcs_networking_network.ext_net"
          ]
        }
      ]
    },
    {
      "mode": "managed",
      "type": "vkcs_networking_floatingip",
      "name": "lb_fip",
      "provider": "provider[\"registry.terraform.io/vk-cs/vkcs\"]",
      "instances": [
        {
          "schema_version": 0,
          "attributes": {
            "address": "185.130.114.221",
            "description": "",
            "fixed_ip": "",
            "id": "82f92780-882e-4513-8e4c-cb65ad9537aa",
            "pool": "internet",
            "port_id": "",
            "region": "RegionOne",
            "sdn": "sprut",
            "subnet_id": null,
            "subnet_ids": null,
            "timeouts": null,
            "value_specs": null
          },
          "sensitive_attributes": [],
          "identity_schema_version": 0,
          "private": "eyJlMmJmYjczMC1lY2FhLTExZTYtOGY4OC0zNDM2M2JjN2M0YzAiOnsiY3JlYXRlIjo2MDAwMDAwMDAwMDAsImRlbGV0ZSI6NjAwMDAwMDAwMDAwfX0=",
          "dependencies": [
            "data.vkcs_networking_network.ext_net"
          ]
        }
      ]
    },
    {
      "mode": "managed",
      "type": "vkcs_networking_floatingip_associate",
      "name": "app_fip_assoc",
      "provider": "provider[\"registry.terraform.io/vk-cs/vkcs\"]",
      "instances": [
        {
          "schema_version": 0,
          "attributes": {
            "fixed_ip": "192.168.10.146",
            "floating_ip": "185.130.112.222",
            "id": "92b4ad4d-63b0-4f03-aa0b-9f4ae64bd83b",
            "port_id": "c977065c-346b-4e54-85fe-b046be26f1d3",
            "region": "RegionOne",
            "sdn": "sprut"
          },
          "sensitive_attributes": [],
          "identity_schema_version": 0,
          "private": "bnVsbA==",
          "dependencies": [
            "data.vkcs_networking_network.ext_net",
            "vkcs_networking_floatingip.app_fip",
            "vkcs_networking_network.app_net",
            "vkcs_networking_port.app_port",
            "vkcs_networking_secgroup.app_sg",
            "vkcs_networking_subnet.app_subnet"
          ]
        }
      ]
    },
    {
      "mode": "managed",
      "type": "vkcs_networking_floatingip_associate",
      "name": "lb_fip_assoc",
      "provider": "provider[\"registry.terraform.io/vk-cs/vkcs\"]",
      "instances": [
        {
          "schema_version": 0,
          "attributes": {
            "fixed_ip": "192.168.10.149",
            "floating_ip": "185.130.114.221",
            "id": "82f92780-882e-4513-8e4c-cb65ad9537aa",
            "port_id": "fa9a3d48-f9ba-4bf8-85fc-ab2de4b8cbaa",
            "region": "RegionOne",
            "sdn": "sprut"
          },
          "sensitive_attributes": [],
          "identity_schema_version": 0,
          "private": "bnVsbA==",
          "dependencies": [
            "data.vkcs_networking_network.ext_net",
            "vkcs_lb_loadbalancer.lb",
            "vkcs_networking_floatingip.lb_fip",
            "vkcs_networking_network.app_net",
            "vkcs_networking_subnet.app_subnet"
          ]
        }
      ]
    },
    {
      "mode": "managed",
      "type": "vkcs_networking_network",
      "name": "app_net",
      "provider": "provider[\"registry.terraform.io/vk-cs/vkcs\"]",
      "instances": [
        {
          "schema_version": 0,
          "attributes": {
            "admin_state_up": true,
            "all_tags": [],
            "description": "",
            "id": "a0d5bc03-e8c8-4194-9fbe-0dc2f027673e",
            "name": "app-net",
            "port_security_enabled": true,
            "private_dns_domain": "mcs.local.",
            "region": "RegionOne",
            "sdn": "sprut",
            "tags": null,
            "timeouts": null,
            "value_specs": null,
            "vkcs_services_access": false
          },
          "sensitive_attributes": [],
          "identity_schema_version": 0,
          "private": "eyJlMmJmYjczMC1lY2FhLTExZTYtOGY4OC0zNDM2M2JjN2M0YzAiOnsiY3JlYXRlIjo2MDAwMDAwMDAwMDAsImRlbGV0ZSI6NjAwMDAwMDAwMDAwfX0="
        }
      ]
    },
    {
      "mode": "managed",
      "type": "vkcs_networking_port",
      "name": "app_port",
      "provider": "provider[\"registry.terraform.io/vk-cs/vkcs\"]",
      "instances": [
        {
          "schema_version": 0,
          "attributes": {
            "admin_state_up": true,
            "all_fixed_ips": [
              "192.168.10.146"
            ],
            "all_security_group_ids": [
              "00ea3f9d-3cb4-4ce1-92cc-33311ce701e1"
            ],
            "all_tags": [],
            "allowed_address_pairs": [],
            "description": "",
            "device_id": "",
            "device_owner": "",
            "dns_assignment": [],
            "dns_name": "",
            "extra_dhcp_option": [],
            "fixed_ip": [
              {
                "ip_address": "",
                "subnet_id": "5fd79f44-498c-45db-86f8-b64520019ded"
              }
            ],
            "full_security_groups_control": true,
            "id": "c977065c-346b-4e54-85fe-b046be26f1d3",
            "mac_address": "fa:16:3e:31:0b:58",
            "name": "app-server-port",
            "network_id": "a0d5bc03-e8c8-4194-9fbe-0dc2f027673e",
            "no_fixed_ip": null,
            "no_security_groups": null,
            "port_security_enabled": true,
            "region": "RegionOne",
            "sdn": "sprut",
            "security_group_ids": [
              "00ea3f9d-3cb4-4ce1-92cc-33311ce701e1"
            ],
            "tags": null,
            "timeouts": null,
            "value_specs": null
          },
          "sensitive_attributes": [],
          "identity_schema_version": 0,
          "private": "eyJlMmJmYjczMC1lY2FhLTExZTYtOGY4OC0zNDM2M2JjN2M0YzAiOnsiY3JlYXRlIjo2MDAwMDAwMDAwMDAsImRlbGV0ZSI6NjAwMDAwMDAwMDAwfX0=",
          "dependencies": [
            "vkcs_networking_network.app_net",
            "vkcs_networking_secgroup.app_sg",
            "vkcs_networking_subnet.app_subnet"
          ]
        }
      ]
    },
    {
      "mode": "managed",
      "type": "vkcs_networking_router",
      "name": "app_router",
      "provider": "provider[\"registry.terraform.io/vk-cs/vkcs\"]",
      "instances": [
        {
          "schema_version": 0,
          "attributes": {
            "admin_state_up": true,
            "all_tags": [],
            "description": "",
            "external_fixed_ips": [
              {
                "ip_address": "185.130.112.248",
                "subnet_id": "b3899b8b-8fae-401b-8e8d-fc99dd404e9b"
              }
            ],
            "external_network_id": "ec8c610e-6387-447e-83d2-d2c541e88164",
            "id": "1557eda8-3550-4b2c-a958-83605c91a957",
            "name": "app-router",
            "region": "RegionOne",
            "sdn": "sprut",
            "tags": null,
            "timeouts": null,
            "value_specs": null,
            "vendor_options": []
          },
          "sensitive_attributes": [],
          "identity_schema_version": 0,
          "private": "eyJlMmJmYjczMC1lY2FhLTExZTYtOGY4OC0zNDM2M2JjN2M0YzAiOnsiY3JlYXRlIjo2MDAwMDAwMDAwMDAsImRlbGV0ZSI6NjAwMDAwMDAwMDAwfX0=",
          "dependencies": [
            "data.vkcs_networking_network.ext_net"
          ]
        }
      ]
    },
    {
      "mode": "managed",
      "type": "vkcs_networking_router_interface",
      "name": "router_interface",
      "provider": "provider[\"registry.terraform.io/vk-cs/vkcs\"]",
      "instances": [
        {
          "schema_version": 0,
          "attributes": {
            "id": "2c7882d5-04af-4141-bf45-3d060d25fb40",
            "port_id": "2c7882d5-04af-4141-bf45-3d060d25fb40",
            "region": "RegionOne",
            "router_id": "1557eda8-3550-4b2c-a958-83605c91a957",
            "sdn": "sprut",
            "subnet_id": "5fd79f44-498c-45db-86f8-b64520019ded",
            "timeouts": null
          },
          "sensitive_attributes": [],
          "identity_schema_version": 0,
          "private": "eyJlMmJmYjczMC1lY2FhLTExZTYtOGY4OC0zNDM2M2JjN2M0YzAiOnsiY3JlYXRlIjo2MDAwMDAwMDAwMDAsImRlbGV0ZSI6NjAwMDAwMDAwMDAwfX0=",
          "dependencies": [
            "data.vkcs_networking_network.ext_net",
            "vkcs_networking_network.app_net",
            "vkcs_networking_router.app_router",
            "vkcs_networking_subnet.app_subnet"
          ]
        }
      ]
    },
    {
      "mode": "managed",
      "type": "vkcs_networking_secgroup",
      "name": "app_sg",
      "provider": "provider[\"registry.terraform.io/vk-cs/vkcs\"]",
      "instances": [
        {
          "schema_version": 0,
          "attributes": {
            "all_tags": [],
            "delete_default_rules": null,
            "description": "",
            "id": "00ea3f9d-3cb4-4ce1-92cc-33311ce701e1",
            "name": "app-sg",
            "region": "RegionOne",
            "sdn": "sprut",
            "tags": null,
            "timeouts": null
          },
          "sensitive_attributes": [],
          "identity_schema_version": 0,
          "private": "eyJlMmJmYjczMC1lY2FhLTExZTYtOGY4OC0zNDM2M2JjN2M0YzAiOnsiZGVsZXRlIjo2MDAwMDAwMDAwMDB9fQ=="
        }
      ]
    },
    {
      "mode": "managed",
      "type": "vkcs_networking_secgroup_rule",
      "name": "allow_http",
      "provider": "provider[\"registry.terraform.io/vk-cs/vkcs\"]",
      "instances": [
        {
          "schema_version": 0,
          "attributes": {
            "description": "",
            "direction": "ingress",
            "ethertype": "IPv4",
            "id": "1742a4e8-008b-4dce-a27d-6bf423fd03ac",
            "port_range_max": 80,
            "port_range_min": 80,
            "protocol": "tcp",
            "region": "RegionOne",
            "remote_group_id": "",
            "remote_ip_prefix": "0.0.0.0/0",
            "sdn": "sprut",
            "security_group_id": "00ea3f9d-3cb4-4ce1-92cc-33311ce701e1",
            "timeouts": null
          },
          "sensitive_attributes": [],
          "identity_schema_version": 0,
          "private": "eyJlMmJmYjczMC1lY2FhLTExZTYtOGY4OC0zNDM2M2JjN2M0YzAiOnsiZGVsZXRlIjo2MDAwMDAwMDAwMDB9fQ==",
          "dependencies": [
            "vkcs_networking_secgroup.app_sg"
          ]
        }
      ]
    },
    {
      "mode": "managed",
      "type": "vkcs_networking_secgroup_rule",
      "name": "allow_ssh",
      "provider": "provider[\"registry.terraform.io/vk-cs/vkcs\"]",
      "instances": [
        {
          "schema_version": 0,
          "attributes": {
            "description": "",
            "direction": "ingress",
            "ethertype": "IPv4",
            "id": "d4148db1-ab4f-4821-bc64-252fc0d66b2d",
            "port_range_max": 22,
            "port_range_min": 22,
            "protocol": "tcp",
            "region": "RegionOne",
            "remote_group_id": "",
            "remote_ip_prefix": "0.0.0.0/0",
            "sdn": "sprut",
            "security_group_id": "00ea3f9d-3cb4-4ce1-92cc-33311ce701e1",
            "timeouts": null
          },
          "sensitive_attributes": [],
          "identity_schema_version": 0,
          "private": "eyJlMmJmYjczMC1lY2FhLTExZTYtOGY4OC0zNDM2M2JjN2M0YzAiOnsiZGVsZXRlIjo2MDAwMDAwMDAwMDB9fQ==",
          "dependencies": [
            "vkcs_networking_secgroup.app_sg"
          ]
        }
      ]
    },
    {
      "mode": "managed",
      "type": "vkcs_networking_subnet",
      "name": "app_subnet",
      "provider": "provider[\"registry.terraform.io/vk-cs/vkcs\"]",
      "instances": [
        {
          "schema_version": 0,
          "attributes": {
            "all_tags": [],
            "allocation_pool": [
              {
                "end": "192.168.10.253",
                "start": "192.168.10.1"
              }
            ],
            "cidr": "192.168.10.0/24",
            "description": "",
            "dns_nameservers": [
              "8.8.8.8",
              "1.1.1.1"
            ],
            "enable_dhcp": true,
            "gateway_ip": "192.168.10.254",
            "id": "5fd79f44-498c-45db-86f8-b64520019ded",
            "name": "app-net-subnet",
            "network_id": "a0d5bc03-e8c8-4194-9fbe-0dc2f027673e",
            "no_gateway": false,
            "prefix_length": null,
            "region": "RegionOne",
            "sdn": "sprut",
            "subnetpool_id": "",
            "tags": null,
            "timeouts": null,
            "value_specs": null
          },
          "sensitive_attributes": [],
          "identity_schema_version": 0,
          "private": "eyJlMmJmYjczMC1lY2FhLTExZTYtOGY4OC0zNDM2M2JjN2M0YzAiOnsiY3JlYXRlIjo2MDAwMDAwMDAwMDAsImRlbGV0ZSI6NjAwMDAwMDAwMDAwfX0=",
          "dependencies": [
            "vkcs_networking_network.app_net"
          ]
        }
      ]
    }
  ],
  "check_results": null
}
